
Microsoft Visual Studio Solution File, Format Version 12.00
# Visual Studio Version 17
VisualStudioVersion = 17.8.34330.188
MinimumVisualStudioVersion = 10.0.40219.1
Project("{8BC9CEB8-8B4A-11D0-8D11-00A0C91BC942}") = "Config", "Config.vcxproj", "{B330A46E-13A8-4D86-9E02-2BAB7B9EE916}"
EndProject
Project("{8BC9CEB8-8B4A-11D0-8D11-00A0C91BC942}") = "DDSManager", "..\DDSManager\DDSManager.vcxproj", "{FBE7BF9A-9A33-4464-A8F0-375E8F3B3CB5}"
EndProject
Project("{8BC9CEB8-8B4A-11D0-8D11-00A0C91BC942}") = "GloMemPool", "..\GloMemPool\GloMemPool.vcxproj", "{6B7378E7-92EA-448A-AE6A-BF4F42FCD01E}"
EndProject
Project("{8BC9CEB8-8B4A-11D0-8D11-00A0C91BC942}") = "Logger", "..\Logger\Logger.vcxproj", "{FA951CEF-AA16-419F-905E-0459DD18133C}"
EndProject
Project("{8BC9CEB8-8B4A-11D0-8D11-00A0C91BC942}") = "Main", "..\Main\Main.vcxproj", "{DF2E23EA-30DC-4FC7-9BFB-DCC4D8550567}"
EndProject
Project("{8BC9CEB8-8B4A-11D0-8D11-00A0C91BC942}") = "MetricsReport", "..\MetricsReport\MetricsReport.vcxproj", "{D45A5036-C6A6-4964-86D5-538F2567EF67}"
EndProject
Project("{8BC9CEB8-8B4A-11D0-8D11-00A0C91BC942}") = "ResourceUtilization", "..\ResourceUtilization\ResourceUtilization.vcxproj", "{3531F59B-4057-4C98-B109-80FBB244E286}"
EndProject
Project("{8BC9CEB8-8B4A-11D0-8D11-00A0C91BC942}") = "TestData_publication", "..\testdata\TestData_publication.vcxproj", "{CFA2E70B-677E-428A-BD4F-63C9AF695829}"
EndProject
Project("{8BC9CEB8-8B4A-11D0-8D11-00A0C91BC942}") = "TestData_subscription", "..\testdata\TestData_subscription.vcxproj", "{33D474C5-B167-42D0-A91F-6C1407599283}"
EndProject
Project("{8BC9CEB8-8B4A-11D0-8D11-00A0C91BC942}") = "ThroughPut", "..\ThroughPut\ThroughPut.vcxproj", "{3F7C1FCA-07C1-450B-96C8-59FEFD3EC263}"
EndProject
Global
	GlobalSection(SolutionConfigurationPlatforms) = preSolution
		Debug DLL|x64 = Debug DLL|x64
		Debug DLL|x86 = Debug DLL|x86
		Debug|x64 = Debug|x64
		Debug|x86 = Debug|x86
		Release DLL|x64 = Release DLL|x64
		Release DLL|x86 = Release DLL|x86
		Release|x64 = Release|x64
		Release|x86 = Release|x86
	EndGlobalSection
	GlobalSection(ProjectConfigurationPlatforms) = postSolution
		{B330A46E-13A8-4D86-9E02-2BAB7B9EE916}.Debug DLL|x64.ActiveCfg = Debug|x64
		{B330A46E-13A8-4D86-9E02-2BAB7B9EE916}.Debug DLL|x64.Build.0 = Debug|x64
		{B330A46E-13A8-4D86-9E02-2BAB7B9EE916}.Debug DLL|x86.ActiveCfg = Debug|Win32
		{B330A46E-13A8-4D86-9E02-2BAB7B9EE916}.Debug DLL|x86.Build.0 = Debug|Win32
		{B330A46E-13A8-4D86-9E02-2BAB7B9EE916}.Debug|x64.ActiveCfg = Debug|x64
		{B330A46E-13A8-4D86-9E02-2BAB7B9EE916}.Debug|x64.Build.0 = Debug|x64
		{B330A46E-13A8-4D86-9E02-2BAB7B9EE916}.Debug|x86.ActiveCfg = Debug|Win32
		{B330A46E-13A8-4D86-9E02-2BAB7B9EE916}.Debug|x86.Build.0 = Debug|Win32
		{B330A46E-13A8-4D86-9E02-2BAB7B9EE916}.Release DLL|x64.ActiveCfg = Release|x64
		{B330A46E-13A8-4D86-9E02-2BAB7B9EE916}.Release DLL|x64.Build.0 = Release|x64
		{B330A46E-13A8-4D86-9E02-2BAB7B9EE916}.Release DLL|x86.ActiveCfg = Release|Win32
		{B330A46E-13A8-4D86-9E02-2BAB7B9EE916}.Release DLL|x86.Build.0 = Release|Win32
		{B330A46E-13A8-4D86-9E02-2BAB7B9EE916}.Release|x64.ActiveCfg = Release|x64
		{B330A46E-13A8-4D86-9E02-2BAB7B9EE916}.Release|x64.Build.0 = Release|x64
		{B330A46E-13A8-4D86-9E02-2BAB7B9EE916}.Release|x86.ActiveCfg = Release|Win32
		{B330A46E-13A8-4D86-9E02-2BAB7B9EE916}.Release|x86.Build.0 = Release|Win32
		{FBE7BF9A-9A33-4464-A8F0-375E8F3B3CB5}.Debug DLL|x64.ActiveCfg = Debug|x64
		{FBE7BF9A-9A33-4464-A8F0-375E8F3B3CB5}.Debug DLL|x64.Build.0 = Debug|x64
		{FBE7BF9A-9A33-4464-A8F0-375E8F3B3CB5}.Debug DLL|x86.ActiveCfg = Debug|Win32
		{FBE7BF9A-9A33-4464-A8F0-375E8F3B3CB5}.Debug DLL|x86.Build.0 = Debug|Win32
		{FBE7BF9A-9A33-4464-A8F0-375E8F3B3CB5}.Debug|x64.ActiveCfg = Debug|x64
		{FBE7BF9A-9A33-4464-A8F0-375E8F3B3CB5}.Debug|x64.Build.0 = Debug|x64
		{FBE7BF9A-9A33-4464-A8F0-375E8F3B3CB5}.Debug|x86.ActiveCfg = Debug|Win32
		{FBE7BF9A-9A33-4464-A8F0-375E8F3B3CB5}.Debug|x86.Build.0 = Debug|Win32
		{FBE7BF9A-9A33-4464-A8F0-375E8F3B3CB5}.Release DLL|x64.ActiveCfg = Release|x64
		{FBE7BF9A-9A33-4464-A8F0-375E8F3B3CB5}.Release DLL|x64.Build.0 = Release|x64
		{FBE7BF9A-9A33-4464-A8F0-375E8F3B3CB5}.Release DLL|x86.ActiveCfg = Release|Win32
		{FBE7BF9A-9A33-4464-A8F0-375E8F3B3CB5}.Release DLL|x86.Build.0 = Release|Win32
		{FBE7BF9A-9A33-4464-A8F0-375E8F3B3CB5}.Release|x64.ActiveCfg = Release|x64
		{FBE7BF9A-9A33-4464-A8F0-375E8F3B3CB5}.Release|x64.Build.0 = Release|x64
		{FBE7BF9A-9A33-4464-A8F0-375E8F3B3CB5}.Release|x86.ActiveCfg = Release|Win32
		{FBE7BF9A-9A33-4464-A8F0-375E8F3B3CB5}.Release|x86.Build.0 = Release|Win32
		{6B7378E7-92EA-448A-AE6A-BF4F42FCD01E}.Debug DLL|x64.ActiveCfg = Debug|x64
		{6B7378E7-92EA-448A-AE6A-BF4F42FCD01E}.Debug DLL|x64.Build.0 = Debug|x64
		{6B7378E7-92EA-448A-AE6A-BF4F42FCD01E}.Debug DLL|x86.ActiveCfg = Debug|Win32
		{6B7378E7-92EA-448A-AE6A-BF4F42FCD01E}.Debug DLL|x86.Build.0 = Debug|Win32
		{6B7378E7-92EA-448A-AE6A-BF4F42FCD01E}.Debug|x64.ActiveCfg = Debug|x64
		{6B7378E7-92EA-448A-AE6A-BF4F42FCD01E}.Debug|x64.Build.0 = Debug|x64
		{6B7378E7-92EA-448A-AE6A-BF4F42FCD01E}.Debug|x86.ActiveCfg = Debug|Win32
		{6B7378E7-92EA-448A-AE6A-BF4F42FCD01E}.Debug|x86.Build.0 = Debug|Win32
		{6B7378E7-92EA-448A-AE6A-BF4F42FCD01E}.Release DLL|x64.ActiveCfg = Release|x64
		{6B7378E7-92EA-448A-AE6A-BF4F42FCD01E}.Release DLL|x64.Build.0 = Release|x64
		{6B7378E7-92EA-448A-AE6A-BF4F42FCD01E}.Release DLL|x86.ActiveCfg = Release|Win32
		{6B7378E7-92EA-448A-AE6A-BF4F42FCD01E}.Release DLL|x86.Build.0 = Release|Win32
		{6B7378E7-92EA-448A-AE6A-BF4F42FCD01E}.Release|x64.ActiveCfg = Release|x64
		{6B7378E7-92EA-448A-AE6A-BF4F42FCD01E}.Release|x64.Build.0 = Release|x64
		{6B7378E7-92EA-448A-AE6A-BF4F42FCD01E}.Release|x86.ActiveCfg = Release|Win32
		{6B7378E7-92EA-448A-AE6A-BF4F42FCD01E}.Release|x86.Build.0 = Release|Win32
		{FA951CEF-AA16-419F-905E-0459DD18133C}.Debug DLL|x64.ActiveCfg = Debug|x64
		{FA951CEF-AA16-419F-905E-0459DD18133C}.Debug DLL|x64.Build.0 = Debug|x64
		{FA951CEF-AA16-419F-905E-0459DD18133C}.Debug DLL|x86.ActiveCfg = Debug|Win32
		{FA951CEF-AA16-419F-905E-0459DD18133C}.Debug DLL|x86.Build.0 = Debug|Win32
		{FA951CEF-AA16-419F-905E-0459DD18133C}.Debug|x64.ActiveCfg = Debug|x64
		{FA951CEF-AA16-419F-905E-0459DD18133C}.Debug|x64.Build.0 = Debug|x64
		{FA951CEF-AA16-419F-905E-0459DD18133C}.Debug|x86.ActiveCfg = Debug|Win32
		{FA951CEF-AA16-419F-905E-0459DD18133C}.Debug|x86.Build.0 = Debug|Win32
		{FA951CEF-AA16-419F-905E-0459DD18133C}.Release DLL|x64.ActiveCfg = Release|x64
		{FA951CEF-AA16-419F-905E-0459DD18133C}.Release DLL|x64.Build.0 = Release|x64
		{FA951CEF-AA16-419F-905E-0459DD18133C}.Release DLL|x86.ActiveCfg = Release|Win32
		{FA951CEF-AA16-419F-905E-0459DD18133C}.Release DLL|x86.Build.0 = Release|Win32
		{FA951CEF-AA16-419F-905E-0459DD18133C}.Release|x64.ActiveCfg = Release|x64
		{FA951CEF-AA16-419F-905E-0459DD18133C}.Release|x64.Build.0 = Release|x64
		{FA951CEF-AA16-419F-905E-0459DD18133C}.Release|x86.ActiveCfg = Release|Win32
		{FA951CEF-AA16-419F-905E-0459DD18133C}.Release|x86.Build.0 = Release|Win32
		{DF2E23EA-30DC-4FC7-9BFB-DCC4D8550567}.Debug DLL|x64.ActiveCfg = Debug|x64
		{DF2E23EA-30DC-4FC7-9BFB-DCC4D8550567}.Debug DLL|x64.Build.0 = Debug|x64
		{DF2E23EA-30DC-4FC7-9BFB-DCC4D8550567}.Debug DLL|x86.ActiveCfg = Debug|Win32
		{DF2E23EA-30DC-4FC7-9BFB-DCC4D8550567}.Debug DLL|x86.Build.0 = Debug|Win32
		{DF2E23EA-30DC-4FC7-9BFB-DCC4D8550567}.Debug|x64.ActiveCfg = Debug|x64
		{DF2E23EA-30DC-4FC7-9BFB-DCC4D8550567}.Debug|x64.Build.0 = Debug|x64
		{DF2E23EA-30DC-4FC7-9BFB-DCC4D8550567}.Debug|x86.ActiveCfg = Debug|Win32
		{DF2E23EA-30DC-4FC7-9BFB-DCC4D8550567}.Debug|x86.Build.0 = Debug|Win32
		{DF2E23EA-30DC-4FC7-9BFB-DCC4D8550567}.Release DLL|x64.ActiveCfg = Release|x64
		{DF2E23EA-30DC-4FC7-9BFB-DCC4D8550567}.Release DLL|x64.Build.0 = Release|x64
		{DF2E23EA-30DC-4FC7-9BFB-DCC4D8550567}.Release DLL|x86.ActiveCfg = Release|Win32
		{DF2E23EA-30DC-4FC7-9BFB-DCC4D8550567}.Release DLL|x86.Build.0 = Release|Win32
		{DF2E23EA-30DC-4FC7-9BFB-DCC4D8550567}.Release|x64.ActiveCfg = Release|x64
		{DF2E23EA-30DC-4FC7-9BFB-DCC4D8550567}.Release|x64.Build.0 = Release|x64
		{DF2E23EA-30DC-4FC7-9BFB-DCC4D8550567}.Release|x86.ActiveCfg = Release|Win32
		{DF2E23EA-30DC-4FC7-9BFB-DCC4D8550567}.Release|x86.Build.0 = Release|Win32
		{D45A5036-C6A6-4964-86D5-538F2567EF67}.Debug DLL|x64.ActiveCfg = Debug|x64
		{D45A5036-C6A6-4964-86D5-538F2567EF67}.Debug DLL|x64.Build.0 = Debug|x64
		{D45A5036-C6A6-4964-86D5-538F2567EF67}.Debug DLL|x86.ActiveCfg = Debug|Win32
		{D45A5036-C6A6-4964-86D5-538F2567EF67}.Debug DLL|x86.Build.0 = Debug|Win32
		{D45A5036-C6A6-4964-86D5-538F2567EF67}.Debug|x64.ActiveCfg = Debug|x64
		{D45A5036-C6A6-4964-86D5-538F2567EF67}.Debug|x64.Build.0 = Debug|x64
		{D45A5036-C6A6-4964-86D5-538F2567EF67}.Debug|x86.ActiveCfg = Debug|Win32
		{D45A5036-C6A6-4964-86D5-538F2567EF67}.Debug|x86.Build.0 = Debug|Win32
		{D45A5036-C6A6-4964-86D5-538F2567EF67}.Release DLL|x64.ActiveCfg = Release|x64
		{D45A5036-C6A6-4964-86D5-538F2567EF67}.Release DLL|x64.Build.0 = Release|x64
		{D45A5036-C6A6-4964-86D5-538F2567EF67}.Release DLL|x86.ActiveCfg = Release|Win32
		{D45A5036-C6A6-4964-86D5-538F2567EF67}.Release DLL|x86.Build.0 = Release|Win32
		{D45A5036-C6A6-4964-86D5-538F2567EF67}.Release|x64.ActiveCfg = Release|x64
		{D45A5036-C6A6-4964-86D5-538F2567EF67}.Release|x64.Build.0 = Release|x64
		{D45A5036-C6A6-4964-86D5-538F2567EF67}.Release|x86.ActiveCfg = Release|Win32
		{D45A5036-C6A6-4964-86D5-538F2567EF67}.Release|x86.Build.0 = Release|Win32
		{3531F59B-4057-4C98-B109-80FBB244E286}.Debug DLL|x64.ActiveCfg = Debug|x64
		{3531F59B-4057-4C98-B109-80FBB244E286}.Debug DLL|x64.Build.0 = Debug|x64
		{3531F59B-4057-4C98-B109-80FBB244E286}.Debug DLL|x86.ActiveCfg = Debug|Win32
		{3531F59B-4057-4C98-B109-80FBB244E286}.Debug DLL|x86.Build.0 = Debug|Win32
		{3531F59B-4057-4C98-B109-80FBB244E286}.Debug|x64.ActiveCfg = Debug|x64
		{3531F59B-4057-4C98-B109-80FBB244E286}.Debug|x64.Build.0 = Debug|x64
		{3531F59B-4057-4C98-B109-80FBB244E286}.Debug|x86.ActiveCfg = Debug|Win32
		{3531F59B-4057-4C98-B109-80FBB244E286}.Debug|x86.Build.0 = Debug|Win32
		{3531F59B-4057-4C98-B109-80FBB244E286}.Release DLL|x64.ActiveCfg = Release|x64
		{3531F59B-4057-4C98-B109-80FBB244E286}.Release DLL|x64.Build.0 = Release|x64
		{3531F59B-4057-4C98-B109-80FBB244E286}.Release DLL|x86.ActiveCfg = Release|Win32
		{3531F59B-4057-4C98-B109-80FBB244E286}.Release DLL|x86.Build.0 = Release|Win32
		{3531F59B-4057-4C98-B109-80FBB244E286}.Release|x64.ActiveCfg = Release|x64
		{3531F59B-4057-4C98-B109-80FBB244E286}.Release|x64.Build.0 = Release|x64
		{3531F59B-4057-4C98-B109-80FBB244E286}.Release|x86.ActiveCfg = Release|Win32
		{3531F59B-4057-4C98-B109-80FBB244E286}.Release|x86.Build.0 = Release|Win32
		{CFA2E70B-677E-428A-BD4F-63C9AF695829}.Debug DLL|x64.ActiveCfg = Debug DLL|x64
		{CFA2E70B-677E-428A-BD4F-63C9AF695829}.Debug DLL|x64.Build.0 = Debug DLL|x64
		{CFA2E70B-677E-428A-BD4F-63C9AF695829}.Debug DLL|x86.ActiveCfg = Debug DLL|x64
		{CFA2E70B-677E-428A-BD4F-63C9AF695829}.Debug DLL|x86.Build.0 = Debug DLL|x64
		{CFA2E70B-677E-428A-BD4F-63C9AF695829}.Debug|x64.ActiveCfg = Debug|x64
		{CFA2E70B-677E-428A-BD4F-63C9AF695829}.Debug|x64.Build.0 = Debug|x64
		{CFA2E70B-677E-428A-BD4F-63C9AF695829}.Debug|x86.ActiveCfg = Debug|x64
		{CFA2E70B-677E-428A-BD4F-63C9AF695829}.Debug|x86.Build.0 = Debug|x64
		{CFA2E70B-677E-428A-BD4F-63C9AF695829}.Release DLL|x64.ActiveCfg = Release DLL|x64
		{CFA2E70B-677E-428A-BD4F-63C9AF695829}.Release DLL|x64.Build.0 = Release DLL|x64
		{CFA2E70B-677E-428A-BD4F-63C9AF695829}.Release DLL|x86.ActiveCfg = Release DLL|x64
		{CFA2E70B-677E-428A-BD4F-63C9AF695829}.Release DLL|x86.Build.0 = Release DLL|x64
		{CFA2E70B-677E-428A-BD4F-63C9AF695829}.Release|x64.ActiveCfg = Release|x64
		{CFA2E70B-677E-428A-BD4F-63C9AF695829}.Release|x64.Build.0 = Release|x64
		{CFA2E70B-677E-428A-BD4F-63C9AF695829}.Release|x86.ActiveCfg = Release|x64
		{CFA2E70B-677E-428A-BD4F-63C9AF695829}.Release|x86.Build.0 = Release|x64
		{33D474C5-B167-42D0-A91F-6C1407599283}.Debug DLL|x64.ActiveCfg = Debug DLL|x64
		{33D474C5-B167-42D0-A91F-6C1407599283}.Debug DLL|x64.Build.0 = Debug DLL|x64
		{33D474C5-B167-42D0-A91F-6C1407599283}.Debug DLL|x86.ActiveCfg = Debug DLL|x64
		{33D474C5-B167-42D0-A91F-6C1407599283}.Debug DLL|x86.Build.0 = Debug DLL|x64
		{33D474C5-B167-42D0-A91F-6C1407599283}.Debug|x64.ActiveCfg = Debug|x64
		{33D474C5-B167-42D0-A91F-6C1407599283}.Debug|x64.Build.0 = Debug|x64
		{33D474C5-B167-42D0-A91F-6C1407599283}.Debug|x86.ActiveCfg = Debug|x64
		{33D474C5-B167-42D0-A91F-6C1407599283}.Debug|x86.Build.0 = Debug|x64
		{33D474C5-B167-42D0-A91F-6C1407599283}.Release DLL|x64.ActiveCfg = Release DLL|x64
		{33D474C5-B167-42D0-A91F-6C1407599283}.Release DLL|x64.Build.0 = Release DLL|x64
		{33D474C5-B167-42D0-A91F-6C1407599283}.Release DLL|x86.ActiveCfg = Release DLL|x64
		{33D474C5-B167-42D0-A91F-6C1407599283}.Release DLL|x86.Build.0 = Release DLL|x64
		{33D474C5-B167-42D0-A91F-6C1407599283}.Release|x64.ActiveCfg = Release|x64
		{33D474C5-B167-42D0-A91F-6C1407599283}.Release|x64.Build.0 = Release|x64
		{33D474C5-B167-42D0-A91F-6C1407599283}.Release|x86.ActiveCfg = Release|x64
		{33D474C5-B167-42D0-A91F-6C1407599283}.Release|x86.Build.0 = Release|x64
		{3F7C1FCA-07C1-450B-96C8-59FEFD3EC263}.Debug DLL|x64.ActiveCfg = Debug|x64
		{3F7C1FCA-07C1-450B-96C8-59FEFD3EC263}.Debug DLL|x64.Build.0 = Debug|x64
		{3F7C1FCA-07C1-450B-96C8-59FEFD3EC263}.Debug DLL|x86.ActiveCfg = Debug|Win32
		{3F7C1FCA-07C1-450B-96C8-59FEFD3EC263}.Debug DLL|x86.Build.0 = Debug|Win32
		{3F7C1FCA-07C1-450B-96C8-59FEFD3EC263}.Debug|x64.ActiveCfg = Debug|x64
		{3F7C1FCA-07C1-450B-96C8-59FEFD3EC263}.Debug|x64.Build.0 = Debug|x64
		{3F7C1FCA-07C1-450B-96C8-59FEFD3EC263}.Debug|x86.ActiveCfg = Debug|Win32
		{3F7C1FCA-07C1-450B-96C8-59FEFD3EC263}.Debug|x86.Build.0 = Debug|Win32
		{3F7C1FCA-07C1-450B-96C8-59FEFD3EC263}.Release DLL|x64.ActiveCfg = Release|x64
		{3F7C1FCA-07C1-450B-96C8-59FEFD3EC263}.Release DLL|x64.Build.0 = Release|x64
		{3F7C1FCA-07C1-450B-96C8-59FEFD3EC263}.Release DLL|x86.ActiveCfg = Release|Win32
		{3F7C1FCA-07C1-450B-96C8-59FEFD3EC263}.Release DLL|x86.Build.0 = Release|Win32
		{3F7C1FCA-07C1-450B-96C8-59FEFD3EC263}.Release|x64.ActiveCfg = Release|x64
		{3F7C1FCA-07C1-450B-96C8-59FEFD3EC263}.Release|x64.Build.0 = Release|x64
		{3F7C1FCA-07C1-450B-96C8-59FEFD3EC263}.Release|x86.ActiveCfg = Release|Win32
		{3F7C1FCA-07C1-450B-96C8-59FEFD3EC263}.Release|x86.Build.0 = Release|Win32
	EndGlobalSection
	GlobalSection(SolutionProperties) = preSolution
		HideSolutionNode = FALSE
	EndGlobalSection
	GlobalSection(ExtensibilityGlobals) = postSolution
		SolutionGuid = {91231E35-D755-4752-9D22-77CA06335F27}
	EndGlobalSection
EndGlobal
